// !$*UTF8*$!
{
	archiveVersion = 1;
	classes = {
	};
	objectVersion = 50;
	objects = {

/* Begin PBXBuildFile section */
		47323D6723BD042A004EFE64 /* AppDelegate.swift in Sources */ = {isa = PBXBuildFile; fileRef = 47323D6623BD042A004EFE64 /* AppDelegate.swift */; };
		47323D6923BD042A004EFE64 /* SceneDelegate.swift in Sources */ = {isa = PBXBuildFile; fileRef = 47323D6823BD042A004EFE64 /* SceneDelegate.swift */; };
		47323D6B23BD042A004EFE64 /* ViewController.swift in Sources */ = {isa = PBXBuildFile; fileRef = 47323D6A23BD042A004EFE64 /* ViewController.swift */; };
		47323D7023BD042E004EFE64 /* Assets.xcassets in Resources */ = {isa = PBXBuildFile; fileRef = 47323D6F23BD042E004EFE64 /* Assets.xcassets */; };
		47323D7323BD042E004EFE64 /* LaunchScreen.storyboard in Resources */ = {isa = PBXBuildFile; fileRef = 47323D7123BD042E004EFE64 /* LaunchScreen.storyboard */; };
		47323D7B23BD0452004EFE64 /* Main.storyboard in Resources */ = {isa = PBXBuildFile; fileRef = 47323D7A23BD0452004EFE64 /* Main.storyboard */; };
		47323D7D23BD0491004EFE64 /* NSTError.swift in Sources */ = {isa = PBXBuildFile; fileRef = 47323D7C23BD0491004EFE64 /* NSTError.swift */; };
		47323D7F23BD0498004EFE64 /* MLModelProvider.swift in Sources */ = {isa = PBXBuildFile; fileRef = 47323D7E23BD0498004EFE64 /* MLModelProvider.swift */; };
		47323D8123BD049E004EFE64 /* UIImage+CoreML.swift in Sources */ = {isa = PBXBuildFile; fileRef = 47323D8023BD049E004EFE64 /* UIImage+CoreML.swift */; };
		47323D8323BD04A7004EFE64 /* StarryNight.mlmodel in Sources */ = {isa = PBXBuildFile; fileRef = 47323D8223BD04A7004EFE64 /* StarryNight.mlmodel */; };
		47323D8523BD04AD004EFE64 /* Pointillism.mlmodel in Sources */ = {isa = PBXBuildFile; fileRef = 47323D8423BD04AD004EFE64 /* Pointillism.mlmodel */; };
		47323D8723BD04BF004EFE64 /* UIImage+Resize.swift in Sources */ = {isa = PBXBuildFile; fileRef = 47323D8623BD04BF004EFE64 /* UIImage+Resize.swift */; };
/* End PBXBuildFile section */

/* Begin PBXFileReference section */
		47323D6323BD042A004EFE64 /* VanGogh'sEye.app */ = {isa = PBXFileReference; explicitFileType = wrapper.application; includeInIndex = 0; path = "VanGogh'sEye.app"; sourceTree = BUILT_PRODUCTS_DIR; };
		47323D6623BD042A004EFE64 /* AppDelegate.swift */ = {isa = PBXFileReference; lastKnownFileType = sourcecode.swift; path = AppDelegate.swift; sourceTree = "<group>"; };
		47323D6823BD042A004EFE64 /* SceneDelegate.swift */ = {isa = PBXFileReference; lastKnownFileType = sourcecode.swift; path = SceneDelegate.swift; sourceTree = "<group>"; };
		47323D6A23BD042A004EFE64 /* ViewController.swift */ = {isa = PBXFileReference; lastKnownFileType = sourcecode.swift; path = ViewController.swift; sourceTree = "<group>"; };
		47323D6F23BD042E004EFE64 /* Assets.xcassets */ = {isa = PBXFileReference; lastKnownFileType = folder.assetcatalog; path = Assets.xcassets; sourceTree = "<group>"; };
		47323D7223BD042E004EFE64 /* Base */ = {isa = PBXFileReference; lastKnownFileType = file.storyboard; name = Base; path = Base.lproj/LaunchScreen.storyboard; sourceTree = "<group>"; };
		47323D7423BD042E004EFE64 /* Info.plist */ = {isa = PBXFileReference; lastKnownFileType = text.plist.xml; path = Info.plist; sourceTree = "<group>"; };
		47323D7A23BD0452004EFE64 /* Main.storyboard */ = {isa = PBXFileReference; fileEncoding = 4; lastKnownFileType = file.storyboard; path = Main.storyboard; sourceTree = "<group>"; };
		47323D7C23BD0491004EFE64 /* NSTError.swift */ = {isa = PBXFileReference; fileEncoding = 4; lastKnownFileType = sourcecode.swift; path = NSTError.swift; sourceTree = "<group>"; };
		47323D7E23BD0498004EFE64 /* MLModelProvider.swift */ = {isa = PBXFileReference; fileEncoding = 4; lastKnownFileType = sourcecode.swift; path = MLModelProvider.swift; sourceTree = "<group>"; };
		47323D8023BD049E004EFE64 /* UIImage+CoreML.swift */ = {isa = PBXFileReference; fileEncoding = 4; lastKnownFileType = sourcecode.swift; path = "UIImage+CoreML.swift"; sourceTree = "<group>"; };
		47323D8223BD04A7004EFE64 /* StarryNight.mlmodel */ = {isa = PBXFileReference; lastKnownFileType = file.mlmodel; path = StarryNight.mlmodel; sourceTree = "<group>"; };
		47323D8423BD04AD004EFE64 /* Pointillism.mlmodel */ = {isa = PBXFileReference; lastKnownFileType = file.mlmodel; path = Pointillism.mlmodel; sourceTree = "<group>"; };
		47323D8623BD04BF004EFE64 /* UIImage+Resize.swift */ = {isa = PBXFileReference; fileEncoding = 4; lastKnownFileType = sourcecode.swift; path = "UIImage+Resize.swift"; sourceTree = "<group>"; };
/* End PBXFileReference section */

/* Begin PBXFrameworksBuildPhase section */
		47323D6023BD042A004EFE64 /* Frameworks */ = {
			isa = PBXFrameworksBuildPhase;
			buildActionMask = 2147483647;
			files = (
			);
			runOnlyForDeploymentPostprocessing = 0;
		};
/* End PBXFrameworksBuildPhase section */

/* Begin PBXGroup section */
		47323D5A23BD042A004EFE64 = {
			isa = PBXGroup;
			children = (
				47323D6523BD042A004EFE64 /* VanGogh'sEye */,
				47323D6423BD042A004EFE64 /* Products */,
			);
			sourceTree = "<group>";
		};
		47323D6423BD042A004EFE64 /* Products */ = {
			isa = PBXGroup;
			children = (
				47323D6323BD042A004EFE64 /* VanGogh'sEye.app */,
			);
			name = Products;
			sourceTree = "<group>";
		};
		47323D6523BD042A004EFE64 /* VanGogh'sEye */ = {
			isa = PBXGroup;
			children = (
				47323D6623BD042A004EFE64 /* AppDelegate.swift */,
				47323D6823BD042A004EFE64 /* SceneDelegate.swift */,
				47323D6A23BD042A004EFE64 /* ViewController.swift */,
				47323D7E23BD0498004EFE64 /* MLModelProvider.swift */,
				47323D7C23BD0491004EFE64 /* NSTError.swift */,
				47323D8623BD04BF004EFE64 /* UIImage+Resize.swift */,
				47323D8023BD049E004EFE64 /* UIImage+CoreML.swift */,
				47323D6F23BD042E004EFE64 /* Assets.xcassets */,
				47323D8423BD04AD004EFE64 /* Pointillism.mlmodel */,
				47323D8223BD04A7004EFE64 /* StarryNight.mlmodel */,
				47323D7A23BD0452004EFE64 /* Main.storyboard */,
				47323D7123BD042E004EFE64 /* LaunchScreen.storyboard */,
				47323D7423BD042E004EFE64 /* Info.plist */,
			);
			path = "VanGogh'sEye";
			sourceTree = "<group>";
		};
/* End PBXGroup section */

/* Begin PBXNativeTarget section */
		47323D6223BD042A004EFE64 /* VanGogh'sEye */ = {
			isa = PBXNativeTarget;
			buildConfigurationList = 47323D7723BD042E004EFE64 /* Build configuration list for PBXNativeTarget "VanGogh'sEye" */;
			buildPhases = (
				47323D5F23BD042A004EFE64 /* Sources */,
				47323D6023BD042A004EFE64 /* Frameworks */,
				47323D6123BD042A004EFE64 /* Resources */,
			);
			buildRules = (
			);
			dependencies = (
			);
			name = "VanGogh'sEye";
			productName = "VanGogh'sEye";
			productReference = 47323D6323BD042A004EFE64 /* VanGogh'sEye.app */;
			productType = "com.apple.product-type.application";
		};
/* End PBXNativeTarget section */

/* Begin PBXProject section */
		47323D5B23BD042A004EFE64 /* Project object */ = {
			isa = PBXProject;
			attributes = {
				LastSwiftUpdateCheck = 1120;
				LastUpgradeCheck = 1120;
				ORGANIZATIONNAME = "Aung Ko Min";
				TargetAttributes = {
					47323D6223BD042A004EFE64 = {
						CreatedOnToolsVersion = 11.2.1;
					};
				};
			};
			buildConfigurationList = 47323D5E23BD042A004EFE64 /* Build configuration list for PBXProject "VanGogh'sEye" */;
			compatibilityVersion = "Xcode 9.3";
			developmentRegion = en;
			hasScannedForEncodings = 0;
			knownRegions = (
				en,
				Base,
			);
			mainGroup = 47323D5A23BD042A004EFE64;
			productRefGroup = 47323D6423BD042A004EFE64 /* Products */;
			projectDirPath = "";
			projectRoot = "";
			targets = (
				47323D6223BD042A004EFE64 /* VanGogh'sEye */,
			);
		};
/* End PBXProject section */

/* Begin PBXResourcesBuildPhase section */
		47323D6123BD042A004EFE64 /* Resources */ = {
			isa = PBXResourcesBuildPhase;
			buildActionMask = 2147483647;
			files = (
				47323D7B23BD0452004EFE64 /* Main.storyboard in Resources */,
				47323D7323BD042E004EFE64 /* LaunchScreen.storyboard in Resources */,
				47323D7023BD042E004EFE64 /* Assets.xcassets in Resources */,
			);
			runOnlyForDeploymentPostprocessing = 0;
		};
/* End PBXResourcesBuildPhase section */

/* Begin PBXSourcesBuildPhase section */
		47323D5F23BD042A004EFE64 /* Sources */ = {
			isa = PBXSourcesBuildPhase;
			buildActionMask = 2147483647;
			files = (
				47323D7D23BD0491004EFE64 /* NSTError.swift in Sources */,
				47323D8323BD04A7004EFE64 /* StarryNight.mlmodel in Sources */,
				47323D6B23BD042A004EFE64 /* ViewController.swift in Sources */,
				47323D6723BD042A004EFE64 /* AppDelegate.swift in Sources */,
				47323D8123BD049E004EFE64 /* UIImage+CoreML.swift in Sources */,
				47323D8723BD04BF004EFE64 /* UIImage+Resize.swift in Sources */,
				47323D7F23BD0498004EFE64 /* MLModelProvider.swift in Sources */,
				47323D6923BD042A004EFE64 /* SceneDelegate.swift in Sources */,
				47323D8523BD04AD004EFE64 /* Pointillism.mlmodel in Sources */,
			);
			runOnlyForDeploymentPostprocessing = 0;
		};
/* End PBXSourcesBuildPhase section */

/* Begin PBXVariantGroup section */
		47323D7123BD042E004EFE64 /* LaunchScreen.storyboard */ = {
			isa = PBXVariantGroup;
			children = (
				47323D7223BD042E004EFE64 /* Base */,
			);
			name = LaunchScreen.storyboard;
			sourceTree = "<group>";
		};
/* End PBXVariantGroup section */

/* Begin XCBuildConfiguration section */
		47323D7523BD042E004EFE64 /* Debug */ = {
			isa = XCBuildConfiguration;
			buildSettings = {
				ALWAYS_SEARCH_USER_PATHS = NO;
				CLANG_ANALYZER_NONNULL = YES;
				CLANG_ANALYZER_NUMBER_OBJECT_CONVERSION = YES_AGGRESSIVE;
				CLANG_CXX_LANGUAGE_STANDARD = "gnu++14";
				CLANG_CXX_LIBRARY = "libc++";
				CLANG_ENABLE_MODULES = YES;
				CLANG_ENABLE_OBJC_ARC = YES;
				CLANG_ENABLE_OBJC_WEAK = YES;
				CLANG_WARN_BLOCK_CAPTURE_AUTORELEASING = YES;
				CLANG_WARN_BOOL_CONVERSION = YES;
				CLANG_WARN_COMMA = YES;
				CLANG_WARN_CONSTANT_CONVERSION = YES;
				CLANG_WARN_DEPRECATED_OBJC_IMPLEMENTATIONS = YES;
				CLANG_WARN_DIRECT_OBJC_ISA_USAGE = YES_ERROR;
				CLANG_WARN_DOCUMENTATION_COMMENTS = YES;
				CLANG_WARN_EMPTY_BODY = YES;
				CLANG_WARN_ENUM_CONVERSION = YES;
				CLANG_WARN_INFINITE_RECURSION = YES;
				CLANG_WARN_INT_CONVERSION = YES;
				CLANG_WARN_NON_LITERAL_NULL_CONVERSION = YES;
				CLANG_WARN_OBJC_IMPLICIT_RETAIN_SELF = YES;
				CLANG_WARN_OBJC_LITERAL_CONVERSION = YES;
				CLANG_WARN_OBJC_ROOT_CLASS = YES_ERROR;
				CLANG_WARN_RANGE_LOOP_ANALYSIS = YES;
				CLANG_WARN_STRICT_PROTOTYPES = YES;
				CLANG_WARN_SUSPICIOUS_MOVE = YES;
				CLANG_WARN_UNGUARDED_AVAILABILITY = YES_AGGRESSIVE;
				CLANG_WARN_UNREACHABLE_CODE = YES;
				CLANG_WARN__DUPLICATE_METHOD_MATCH = YES;
				COPY_PHASE_STRIP = NO;
				DEBUG_INFORMATION_FORMAT = dwarf;
				ENABLE_STRICT_OBJC_MSGSEND = YES;
				ENABLE_TESTABILITY = YES;
				GCC_C_LANGUAGE_STANDARD = gnu11;
				GCC_DYNAMIC_NO_PIC = NO;
				GCC_NO_COMMON_BLOCKS = YES;
				GCC_OPTIMIZATION_LEVEL = 0;
				GCC_PREPROCESSOR_DEFINITIONS = (
					"DEBUG=1",
					"$(inherited)",
				);
				GCC_WARN_64_TO_32_BIT_CONVERSION = YES;
				GCC_WARN_ABOUT_RETURN_TYPE = YES_ERROR;
				GCC_WARN_UNDECLARED_SELECTOR = YES;
				GCC_WARN_UNINITIALIZED_AUTOS = YES_AGGRESSIVE;
				GCC_WARN_UNUSED_FUNCTION = YES;
				GCC_WARN_UNUSED_VARIABLE = YES;
				IPHONEOS_DEPLOYMENT_TARGET = 13.2;
				MTL_ENABLE_DEBUG_INFO = INCLUDE_SOURCE;
				MTL_FAST_MATH = YES;
				ONLY_ACTIVE_ARCH = YES;
				SDKROOT = iphoneos;
				SWIFT_ACTIVE_COMPILATION_CONDITIONS = DEBUG;
				SWIFT_OPTIMIZATION_LEVEL = "-Onone";
			};
			name = Debug;
		};
		47323D7623BD042E004EFE64 /* Release */ = {
			isa = XCBuildConfiguration;
			buildSettings = {
				ALWAYS_SEARCH_USER_PATHS = NO;
				CLANG_ANALYZER_NONNULL = YES;
				CLANG_ANALYZER_NUMBER_OBJECT_CONVERSION = YES_AGGRESSIVE;
				CLANG_CXX_LANGUAGE_STANDARD = "gnu++14";
				CLANG_CXX_LIBRARY = "libc++";
				CLANG_ENABLE_MODULES = YES;
				CLANG_ENABLE_OBJC_ARC = YES;
				CLANG_ENABLE_OBJC_WEAK = YES;
				CLANG_WARN_BLOCK_CAPTURE_AUTORELEASING = YES;
				CLANG_WARN_BOOL_CONVERSION = YES;
				CLANG_WARN_COMMA = YES;
				CLANG_WARN_CONSTANT_CONVERSION = YES;
				CLANG_WARN_DEPRECATED_OBJC_IMPLEMENTATIONS = YES;
				CLANG_WARN_DIRECT_OBJC_ISA_USAGE = YES_ERROR;
				CLANG_WARN_DOCUMENTATION_COMMENTS = YES;
				CLANG_WARN_EMPTY_BODY = YES;
				CLANG_WARN_ENUM_CONVERSION = YES;
				CLANG_WARN_INFINITE_RECURSION = YES;
				CLANG_WARN_INT_CONVERSION = YES;
				CLANG_WARN_NON_LITERAL_NULL_CONVERSION = YES;
				CLANG_WARN_OBJC_IMPLICIT_RETAIN_SELF = YES;
				CLANG_WARN_OBJC_LITERAL_CONVERSION = YES;
				CLANG_WARN_OBJC_ROOT_CLASS = YES_ERROR;
				CLANG_WARN_RANGE_LOOP_ANALYSIS = YES;
				CLANG_WARN_STRICT_PROTOTYPES = YES;
				CLANG_WARN_SUSPICIOUS_MOVE = YES;
				CLANG_WARN_UNGUARDED_AVAILABILITY = YES_AGGRESSIVE;
				CLANG_WARN_UNREACHABLE_CODE = YES;
				CLANG_WARN__DUPLICATE_METHOD_MATCH = YES;
				COPY_PHASE_STRIP = NO;
				DEBUG_INFORMATION_FORMAT = "dwarf-with-dsym";
				ENABLE_NS_ASSERTIONS = NO;
				ENABLE_STRICT_OBJC_MSGSEND = YES;
				GCC_C_LANGUAGE_STANDARD = gnu11;
				GCC_NO_COMMON_BLOCKS = YES;
				GCC_WARN_64_TO_32_BIT_CONVERSION = YES;
				GCC_WARN_ABOUT_RETURN_TYPE = YES_ERROR;
				GCC_WARN_UNDECLARED_SELECTOR = YES;
				GCC_WARN_UNINITIALIZED_AUTOS = YES_AGGRESSIVE;
				GCC_WARN_UNUSED_FUNCTION = YES;
				GCC_WARN_UNUSED_VARIABLE = YES;
				IPHONEOS_DEPLOYMENT_TARGET = 13.2;
				MTL_ENABLE_DEBUG_INFO = NO;
				MTL_FAST_MATH = YES;
				SDKROOT = iphoneos;
				SWIFT_COMPILATION_MODE = wholemodule;
				SWIFT_OPTIMIZATION_LEVEL = "-O";
				VALIDATE_PRODUCT = YES;
			};
			name = Release;
		};
		47323D7823BD042E004EFE64 /* Debug */ = {
			isa = XCBuildConfiguration;
			buildSettings = {
				ASSETCATALOG_COMPILER_APPICON_NAME = AppIcon;
				CODE_SIGN_STYLE = Automatic;
				DEVELOPMENT_TEAM = HJ9L53D9PB;
				INFOPLIST_FILE = "VanGogh'sEye/Info.plist";
				LD_RUNPATH_SEARCH_PATHS = (
					"$(inherited)",
					"@executable_path/Frameworks",
				);
				PRODUCT_BUNDLE_IDENTIFIER = "com.jonahaung.VanGogh-sEye";
				PRODUCT_NAME = "$(TARGET_NAME)";
				SWIFT_VERSION = 5.0;
				TARGETED_DEVICE_FAMILY = "1,2";
			};
			name = Debug;
		};
		47323D7923BD042E004EFE64 /* Release */ = {
			isa = XCBuildConfiguration;
			buildSettings = {
				ASSETCATALOG_COMPILER_APPICON_NAME = AppIcon;
				CODE_SIGN_STYLE = Automatic;
				DEVELOPMENT_TEAM = HJ9L53D9PB;
				INFOPLIST_FILE = "VanGogh'sEye/Info.plist";
				LD_RUNPATH_SEARCH_PATHS = (
					"$(inherited)",
					"@executable_path/Frameworks",
				);
				PRODUCT_BUNDLE_IDENTIFIER = "com.jonahaung.VanGogh-sEye";
				PRODUCT_NAME = "$(TARGET_NAME)";
				SWIFT_VERSION = 5.0;
				TARGETED_DEVICE_FAMILY = "1,2";
			};
			name = Release;
		};
/* End XCBuildConfiguration section */

/* Begin XCConfigurationList section */
		47323D5E23BD042A004EFE64 /* Build configuration list for PBXProject "VanGogh'sEye" */ = {
			isa = XCConfigurationList;
			buildConfigurations = (
				47323D7523BD042E004EFE64 /* Debug */,
				47323D7623BD042E004EFE64 /* Release */,
			);
			defaultConfigurationIsVisible = 0;
			defaultConfigurationName = Release;
		};
		47323D7723BD042E004EFE64 /* Build configuration list for PBXNativeTarget "VanGogh'sEye" */ = {
			isa = XCConfigurationList;
			buildConfigurations = (
				47323D7823BD042E004EFE64 /* Debug */,
				47323D7923BD042E004EFE64 /* Release */,
			);
			defaultConfigurationIsVisible = 0;
			defaultConfigurationName = Release;
		};
/* End XCConfigurationList section */
	};
	rootObject = 47323D5B23BD042A004EFE64 /* Project object */;
}
